
Microsoft Visual Studio Solution File, Format Version 12.00
# Visual Studio Version 17
VisualStudioVersion = 17.4.33110.190
MinimumVisualStudioVersion = 10.0.40219.1
Project("{FAE04EC0-301F-11D3-BF4B-00C04F79EFBC}") = "var3", "var3\var3.csproj", "{8A823BB8-E7A0-4EB1-85DD-DB29DB15C2A7}"
EndProject
Global
	GlobalSection(SolutionConfigurationPlatforms) = preSolution
		Debug|Any CPU = Debug|Any CPU
		Release|Any CPU = Release|Any CPU
	EndGlobalSection
	GlobalSection(ProjectConfigurationPlatforms) = postSolution
		{8A823BB8-E7A0-4EB1-85DD-DB29DB15C2A7}.Debug|Any CPU.ActiveCfg = Debug|Any CPU
		{8A823BB8-E7A0-4EB1-85DD-DB29DB15C2A7}.Debug|Any CPU.Build.0 = Debug|Any CPU
		{8A823BB8-E7A0-4EB1-85DD-DB29DB15C2A7}.Release|Any CPU.ActiveCfg = Release|Any CPU
		{8A823BB8-E7A0-4EB1-85DD-DB29DB15C2A7}.Release|Any CPU.Build.0 = Release|Any CPU
	EndGlobalSection
	GlobalSection(SolutionProperties) = preSolution
		HideSolutionNode = FALSE
	EndGlobalSection
	GlobalSection(ExtensibilityGlobals) = postSolution
		SolutionGuid = {2E3DB631-E945-4B8F-868F-6D60E53EBF6D}
	EndGlobalSection
EndGlobal
